github.com/mtlkn/json v0.0.0-20230316193138-b76bc288915e h1:4xhZx1joCJpbpbinKbvwzxVIMM/Txgjg63tqbXaT7ek=
github.com/mtlkn/json v0.0.0-20230316193138-b76bc288915e/go.mod h1:ZkCfRqULdgGEmnlCwLxcXIxweHZnZi/2UMhYqLUHW4Q=
github.com/mtlkn/json v0.0.0-20230316194703-355e16d4a775 h1:cf/SLzh8AeX/f2NlOyJ1BupxaXYP79RnY5a+x6e+qck=
github.com/mtlkn/json v0.0.0-20230316194703-355e16d4a775/go.mod h1:ZkCfRqULdgGEmnlCwLxcXIxweHZnZi/2UMhYqLUHW4Q=
