github.com/mtlkn/json v0.0.0-20230320134827-88f3986895ae h1:CMWCpaIkHGrTuzbg0eaWiqicF3RiCdxjqG+iPP/+Mqs=
github.com/mtlkn/json v0.0.0-20230320134827-88f3986895ae/go.mod h1:ZkCfRqULdgGEmnlCwLxcXIxweHZnZi/2UMhYqLUHW4Q=
golang.org/x/exp v0.0.0-20230315142452-642cacee5cc0 h1:pVgRXcIictcr+lBQIFeiwuwtDIs4eL21OuM9nyAADmo=
golang.org/x/exp v0.0.0-20230315142452-642cacee5cc0/go.mod h1:CxIveKay+FTh1D0yPZemJVgC/95VzuuOLq5Qi4xnoYc=
